
Microsoft Visual Studio Solution File, Format Version 12.00
# Visual Studio Version 16
VisualStudioVersion = 16.0.30611.23
MinimumVisualStudioVersion = 10.0.40219.1
Project("{FAE04EC0-301F-11D3-BF4B-00C04F79EFBC}") = "PrintCost", "kosztDruku\PrintCost.csproj", "{90319618-6997-460E-B68B-C53CC7DDE654}"
EndProject
Global
	GlobalSection(SolutionConfigurationPlatforms) = preSolution
		Debug|Any CPU = Debug|Any CPU
		Release|Any CPU = Release|Any CPU
	EndGlobalSection
	GlobalSection(ProjectConfigurationPlatforms) = postSolution
		{90319618-6997-460E-B68B-C53CC7DDE654}.Debug|Any CPU.ActiveCfg = Debug|Any CPU
		{90319618-6997-460E-B68B-C53CC7DDE654}.Debug|Any CPU.Build.0 = Debug|Any CPU
		{90319618-6997-460E-B68B-C53CC7DDE654}.Release|Any CPU.ActiveCfg = Release|Any CPU
		{90319618-6997-460E-B68B-C53CC7DDE654}.Release|Any CPU.Build.0 = Release|Any CPU
	EndGlobalSection
	GlobalSection(SolutionProperties) = preSolution
		HideSolutionNode = FALSE
	EndGlobalSection
	GlobalSection(ExtensibilityGlobals) = postSolution
		SolutionGuid = {2F2756C0-419E-4C25-A475-FB1BC24F6953}
	EndGlobalSection
EndGlobal
